
Microsoft Visual Studio Solution File, Format Version 12.00
# Visual Studio 15
VisualStudioVersion = 15.0.27004.2005
MinimumVisualStudioVersion = 10.0.40219.1
Project("{FAE04EC0-301F-11D3-BF4B-00C04F79EFBC}") = "HReader.Base", "HReader.Base\HReader.Base.csproj", "{2CFBEF5A-BD9E-40CA-AB23-8B1F8044773E}"
EndProject
Global
	GlobalSection(SolutionConfigurationPlatforms) = preSolution
		Debug|Any CPU = Debug|Any CPU
		Release|Any CPU = Release|Any CPU
	EndGlobalSection
	GlobalSection(ProjectConfigurationPlatforms) = postSolution
		{2CFBEF5A-BD9E-40CA-AB23-8B1F8044773E}.Debug|Any CPU.ActiveCfg = Debug|Any CPU
		{2CFBEF5A-BD9E-40CA-AB23-8B1F8044773E}.Debug|Any CPU.Build.0 = Debug|Any CPU
		{2CFBEF5A-BD9E-40CA-AB23-8B1F8044773E}.Release|Any CPU.ActiveCfg = Release|Any CPU
		{2CFBEF5A-BD9E-40CA-AB23-8B1F8044773E}.Release|Any CPU.Build.0 = Release|Any CPU
	EndGlobalSection
	GlobalSection(SolutionProperties) = preSolution
		HideSolutionNode = FALSE
	EndGlobalSection
	GlobalSection(ExtensibilityGlobals) = postSolution
		SolutionGuid = {161F6888-E0C4-4D28-9B50-E7AE0C3CFCA1}
	EndGlobalSection
EndGlobal
